
Microsoft Visual Studio Solution File, Format Version 12.00
# Visual Studio Version 16
VisualStudioVersion = 16.0.29911.84
MinimumVisualStudioVersion = 10.0.40219.1
Project("{9A19103F-16F7-4668-BE54-9A1E7A4F7556}") = "WebApplication2", "WebApplication2\WebApplication2.csproj", "{1C3F5651-38CD-492D-834B-C3094E01F54B}"
EndProject
Project("{FAE04EC0-301F-11D3-BF4B-00C04F79EFBC}") = "NUnitTestProject1", "NUnitTestProject1\NUnitTestProject1.csproj", "{11240FC3-5A75-40A0-A6DA-99D8A22AA8D0}"
EndProject
Global
	GlobalSection(SolutionConfigurationPlatforms) = preSolution
		Debug|Any CPU = Debug|Any CPU
		Release|Any CPU = Release|Any CPU
	EndGlobalSection
	GlobalSection(ProjectConfigurationPlatforms) = postSolution
		{1C3F5651-38CD-492D-834B-C3094E01F54B}.Debug|Any CPU.ActiveCfg = Debug|Any CPU
		{1C3F5651-38CD-492D-834B-C3094E01F54B}.Debug|Any CPU.Build.0 = Debug|Any CPU
		{1C3F5651-38CD-492D-834B-C3094E01F54B}.Release|Any CPU.ActiveCfg = Release|Any CPU
		{1C3F5651-38CD-492D-834B-C3094E01F54B}.Release|Any CPU.Build.0 = Release|Any CPU
		{11240FC3-5A75-40A0-A6DA-99D8A22AA8D0}.Debug|Any CPU.ActiveCfg = Debug|Any CPU
		{11240FC3-5A75-40A0-A6DA-99D8A22AA8D0}.Debug|Any CPU.Build.0 = Debug|Any CPU
		{11240FC3-5A75-40A0-A6DA-99D8A22AA8D0}.Release|Any CPU.ActiveCfg = Release|Any CPU
		{11240FC3-5A75-40A0-A6DA-99D8A22AA8D0}.Release|Any CPU.Build.0 = Release|Any CPU
	EndGlobalSection
	GlobalSection(SolutionProperties) = preSolution
		HideSolutionNode = FALSE
	EndGlobalSection
	GlobalSection(ExtensibilityGlobals) = postSolution
		SolutionGuid = {C72D6F93-47C8-49AA-87B1-99A302205EA2}
	EndGlobalSection
EndGlobal
